
Microsoft Visual Studio Solution File, Format Version 12.00
# Visual Studio Version 17
VisualStudioVersion = 17.6.33723.286
MinimumVisualStudioVersion = 10.0.40219.1
Project("{9A19103F-16F7-4668-BE54-9A1E7A4F7556}") = "BlazorWasmSecureExample.Server", "Server\BlazorWasmSecureExample.Server.csproj", "{8BA63112-102B-437F-860A-DFD9175906C6}"
EndProject
Project("{9A19103F-16F7-4668-BE54-9A1E7A4F7556}") = "BlazorWasmSecureExample.Client", "Client\BlazorWasmSecureExample.Client.csproj", "{14ED14E6-69B5-45B2-8E13-4FB954D95DA9}"
EndProject
Project("{9A19103F-16F7-4668-BE54-9A1E7A4F7556}") = "BlazorExample.Shared", "..\BlazorExample\BlazorExample\Shared\BlazorExample.Shared.csproj", "{3058A3EA-D6F8-44E7-94F8-5F8E9FE21496}"
EndProject
Project("{9A19103F-16F7-4668-BE54-9A1E7A4F7556}") = "DataAccess", "..\BlazorExample\BlazorExample\DataAccess\DataAccess.csproj", "{A7377231-76B4-431A-9C0D-0B4213F1016D}"
EndProject
Project("{9A19103F-16F7-4668-BE54-9A1E7A4F7556}") = "DataAccess.EF", "..\BlazorExample\BlazorExample\DataAccess.EF\DataAccess.EF.csproj", "{EC4132D6-486D-4FAF-8334-74E617E2FB08}"
EndProject
Project("{9A19103F-16F7-4668-BE54-9A1E7A4F7556}") = "DataAccess.Mock", "..\BlazorExample\BlazorExample\DataAccess.Mock\DataAccess.Mock.csproj", "{ED058B62-68C9-41FB-9E2D-4D62D21A50EC}"
EndProject
Global
	GlobalSection(SolutionConfigurationPlatforms) = preSolution
		Debug|Any CPU = Debug|Any CPU
		Release|Any CPU = Release|Any CPU
	EndGlobalSection
	GlobalSection(ProjectConfigurationPlatforms) = postSolution
		{8BA63112-102B-437F-860A-DFD9175906C6}.Debug|Any CPU.ActiveCfg = Debug|Any CPU
		{8BA63112-102B-437F-860A-DFD9175906C6}.Debug|Any CPU.Build.0 = Debug|Any CPU
		{8BA63112-102B-437F-860A-DFD9175906C6}.Release|Any CPU.ActiveCfg = Release|Any CPU
		{8BA63112-102B-437F-860A-DFD9175906C6}.Release|Any CPU.Build.0 = Release|Any CPU
		{14ED14E6-69B5-45B2-8E13-4FB954D95DA9}.Debug|Any CPU.ActiveCfg = Debug|Any CPU
		{14ED14E6-69B5-45B2-8E13-4FB954D95DA9}.Debug|Any CPU.Build.0 = Debug|Any CPU
		{14ED14E6-69B5-45B2-8E13-4FB954D95DA9}.Release|Any CPU.ActiveCfg = Release|Any CPU
		{14ED14E6-69B5-45B2-8E13-4FB954D95DA9}.Release|Any CPU.Build.0 = Release|Any CPU
		{3058A3EA-D6F8-44E7-94F8-5F8E9FE21496}.Debug|Any CPU.ActiveCfg = Debug|Any CPU
		{3058A3EA-D6F8-44E7-94F8-5F8E9FE21496}.Debug|Any CPU.Build.0 = Debug|Any CPU
		{3058A3EA-D6F8-44E7-94F8-5F8E9FE21496}.Release|Any CPU.ActiveCfg = Release|Any CPU
		{3058A3EA-D6F8-44E7-94F8-5F8E9FE21496}.Release|Any CPU.Build.0 = Release|Any CPU
		{A7377231-76B4-431A-9C0D-0B4213F1016D}.Debug|Any CPU.ActiveCfg = Debug|Any CPU
		{A7377231-76B4-431A-9C0D-0B4213F1016D}.Debug|Any CPU.Build.0 = Debug|Any CPU
		{A7377231-76B4-431A-9C0D-0B4213F1016D}.Release|Any CPU.ActiveCfg = Release|Any CPU
		{A7377231-76B4-431A-9C0D-0B4213F1016D}.Release|Any CPU.Build.0 = Release|Any CPU
		{EC4132D6-486D-4FAF-8334-74E617E2FB08}.Debug|Any CPU.ActiveCfg = Debug|Any CPU
		{EC4132D6-486D-4FAF-8334-74E617E2FB08}.Debug|Any CPU.Build.0 = Debug|Any CPU
		{EC4132D6-486D-4FAF-8334-74E617E2FB08}.Release|Any CPU.ActiveCfg = Release|Any CPU
		{EC4132D6-486D-4FAF-8334-74E617E2FB08}.Release|Any CPU.Build.0 = Release|Any CPU
		{ED058B62-68C9-41FB-9E2D-4D62D21A50EC}.Debug|Any CPU.ActiveCfg = Debug|Any CPU
		{ED058B62-68C9-41FB-9E2D-4D62D21A50EC}.Debug|Any CPU.Build.0 = Debug|Any CPU
		{ED058B62-68C9-41FB-9E2D-4D62D21A50EC}.Release|Any CPU.ActiveCfg = Release|Any CPU
		{ED058B62-68C9-41FB-9E2D-4D62D21A50EC}.Release|Any CPU.Build.0 = Release|Any CPU
	EndGlobalSection
	GlobalSection(SolutionProperties) = preSolution
		HideSolutionNode = FALSE
	EndGlobalSection
	GlobalSection(ExtensibilityGlobals) = postSolution
		SolutionGuid = {A32E0BA2-F485-4416-B5AC-B8BC50DE2B3D}
	EndGlobalSection
EndGlobal
